// !$*UTF8*$!
{
	archiveVersion = 1;
	classes = {
	};
	objectVersion = 48;
	objects = {

/* Begin PBXBuildFile section */
		B24984031D5F3FFF00C1AED3 /* AppDelegate.swift in Sources */ = {isa = PBXBuildFile; fileRef = B24984021D5F3FFF00C1AED3 /* AppDelegate.swift */; };
		B2ABD8D61D5E081A00C463B9 /* ViewController.swift in Sources */ = {isa = PBXBuildFile; fileRef = B2ABD8D51D5E081A00C463B9 /* ViewController.swift */; };
		B2ABD8D91D5E081A00C463B9 /* Main.storyboard in Resources */ = {isa = PBXBuildFile; fileRef = B2ABD8D71D5E081A00C463B9 /* Main.storyboard */; };
		B2ABD8DB1D5E081A00C463B9 /* Assets.xcassets in Resources */ = {isa = PBXBuildFile; fileRef = B2ABD8DA1D5E081A00C463B9 /* Assets.xcassets */; };
		B2ABD8DE1D5E081A00C463B9 /* LaunchScreen.storyboard in Resources */ = {isa = PBXBuildFile; fileRef = B2ABD8DC1D5E081A00C463B9 /* LaunchScreen.storyboard */; };
/* End PBXBuildFile section */

/* Begin PBXFileReference section */
		B24984021D5F3FFF00C1AED3 /* AppDelegate.swift */ = {isa = PBXFileReference; fileEncoding = 4; lastKnownFileType = sourcecode.swift; path = AppDelegate.swift; sourceTree = "<group>"; };
		B2ABD8D01D5E081A00C463B9 /* wordChain.app */ = {isa = PBXFileReference; explicitFileType = wrapper.application; includeInIndex = 0; path = wordChain.app; sourceTree = BUILT_PRODUCTS_DIR; };
		B2ABD8D51D5E081A00C463B9 /* ViewController.swift */ = {isa = PBXFileReference; lastKnownFileType = sourcecode.swift; path = ViewController.swift; sourceTree = "<group>"; };
		B2ABD8D81D5E081A00C463B9 /* Base */ = {isa = PBXFileReference; lastKnownFileType = file.storyboard; name = Base; path = Base.lproj/Main.storyboard; sourceTree = "<group>"; };
		B2ABD8DA1D5E081A00C463B9 /* Assets.xcassets */ = {isa = PBXFileReference; lastKnownFileType = folder.assetcatalog; path = Assets.xcassets; sourceTree = "<group>"; };
		B2ABD8DD1D5E081A00C463B9 /* Base */ = {isa = PBXFileReference; lastKnownFileType = file.storyboard; name = Base; path = Base.lproj/LaunchScreen.storyboard; sourceTree = "<group>"; };
		B2ABD8DF1D5E081A00C463B9 /* Info.plist */ = {isa = PBXFileReference; lastKnownFileType = text.plist.xml; path = Info.plist; sourceTree = "<group>"; };
/* End PBXFileReference section */

/* Begin PBXFrameworksBuildPhase section */
		B2ABD8CD1D5E081A00C463B9 /* Frameworks */ = {
			isa = PBXFrameworksBuildPhase;
			buildActionMask = 2147483647;
			files = (
			);
			runOnlyForDeploymentPostprocessing = 0;
		};
/* End PBXFrameworksBuildPhase section */

/* Begin PBXGroup section */
		B2ABD8C71D5E081A00C463B9 = {
			isa = PBXGroup;
			children = (
				B2ABD8D21D5E081A00C463B9 /* wordChain */,
				B2ABD8D11D5E081A00C463B9 /* Products */,
			);
			sourceTree = "<group>";
		};
		B2ABD8D11D5E081A00C463B9 /* Products */ = {
			isa = PBXGroup;
			children = (
				B2ABD8D01D5E081A00C463B9 /* wordChain.app */,
			);
			name = Products;
			sourceTree = "<group>";
		};
		B2ABD8D21D5E081A00C463B9 /* wordChain */ = {
			isa = PBXGroup;
			children = (
				B24984021D5F3FFF00C1AED3 /* AppDelegate.swift */,
				B2ABD8D51D5E081A00C463B9 /* ViewController.swift */,
				B2ABD8D71D5E081A00C463B9 /* Main.storyboard */,
				B2ABD8DA1D5E081A00C463B9 /* Assets.xcassets */,
				B2ABD8DC1D5E081A00C463B9 /* LaunchScreen.storyboard */,
				B2ABD8DF1D5E081A00C463B9 /* Info.plist */,
			);
			path = wordChain;
			sourceTree = "<group>";
		};
/* End PBXGroup section */

/* Begin PBXNativeTarget section */
		B2ABD8CF1D5E081A00C463B9 /* wordChain */ = {
			isa = PBXNativeTarget;
			buildConfigurationList = B2ABD8F81D5E081A00C463B9 /* Build configuration list for PBXNativeTarget "wordChain" */;
			buildPhases = (
				B2ABD8CC1D5E081A00C463B9 /* Sources */,
				B2ABD8CD1D5E081A00C463B9 /* Frameworks */,
				B2ABD8CE1D5E081A00C463B9 /* Resources */,
			);
			buildRules = (
			);
			dependencies = (
			);
			name = wordChain;
			productName = wordChain;
			productReference = B2ABD8D01D5E081A00C463B9 /* wordChain.app */;
			productType = "com.apple.product-type.application";
		};
/* End PBXNativeTarget section */

/* Begin PBXProject section */
		B2ABD8C81D5E081A00C463B9 /* Project object */ = {
			isa = PBXProject;
			attributes = {
				LastSwiftUpdateCheck = 0800;
				LastUpgradeCheck = 0800;
				ORGANIZATIONNAME = "Mario Kang";
				TargetAttributes = {
					B2ABD8CF1D5E081A00C463B9 = {
						CreatedOnToolsVersion = 8.0;
						LastSwiftMigration = 0800;
						ProvisioningStyle = Automatic;
						SystemCapabilities = {
							com.apple.DataProtection = {
								enabled = 0;
							};
						};
					};
				};
			};
			buildConfigurationList = B2ABD8CB1D5E081A00C463B9 /* Build configuration list for PBXProject "wordChain" */;
			compatibilityVersion = "Xcode 8.0";
			developmentRegion = English;
			hasScannedForEncodings = 0;
			knownRegions = (
				en,
				Base,
			);
			mainGroup = B2ABD8C71D5E081A00C463B9;
			productRefGroup = B2ABD8D11D5E081A00C463B9 /* Products */;
			projectDirPath = "";
			projectRoot = "";
			targets = (
				B2ABD8CF1D5E081A00C463B9 /* wordChain */,
			);
		};
/* End PBXProject section */

/* Begin PBXResourcesBuildPhase section */
		B2ABD8CE1D5E081A00C463B9 /* Resources */ = {
			isa = PBXResourcesBuildPhase;
			buildActionMask = 2147483647;
			files = (
				B2ABD8DE1D5E081A00C463B9 /* LaunchScreen.storyboard in Resources */,
				B2ABD8DB1D5E081A00C463B9 /* Assets.xcassets in Resources */,
				B2ABD8D91D5E081A00C463B9 /* Main.storyboard in Resources */,
			);
			runOnlyForDeploymentPostprocessing = 0;
		};
/* End PBXResourcesBuildPhase section */

/* Begin PBXSourcesBuildPhase section */
		B2ABD8CC1D5E081A00C463B9 /* Sources */ = {
			isa = PBXSourcesBuildPhase;
			buildActionMask = 2147483647;
			files = (
				B24984031D5F3FFF00C1AED3 /* AppDelegate.swift in Sources */,
				B2ABD8D61D5E081A00C463B9 /* ViewController.swift in Sources */,
			);
			runOnlyForDeploymentPostprocessing = 0;
		};
/* End PBXSourcesBuildPhase section */

/* Begin PBXVariantGroup section */
		B2ABD8D71D5E081A00C463B9 /* Main.storyboard */ = {
			isa = PBXVariantGroup;
			children = (
				B2ABD8D81D5E081A00C463B9 /* Base */,
			);
			name = Main.storyboard;
			sourceTree = "<group>";
		};
		B2ABD8DC1D5E081A00C463B9 /* LaunchScreen.storyboard */ = {
			isa = PBXVariantGroup;
			children = (
				B2ABD8DD1D5E081A00C463B9 /* Base */,
			);
			name = LaunchScreen.storyboard;
			sourceTree = "<group>";
		};
/* End PBXVariantGroup section */

/* Begin XCBuildConfiguration section */
		B2ABD8F61D5E081A00C463B9 /* Debug */ = {
			isa = XCBuildConfiguration;
			buildSettings = {
				ALWAYS_SEARCH_USER_PATHS = NO;
				CLANG_ANALYZER_NONNULL = YES;
				CLANG_CXX_LANGUAGE_STANDARD = "gnu++0x";
				CLANG_CXX_LIBRARY = "libc++";
				CLANG_ENABLE_MODULES = YES;
				CLANG_ENABLE_OBJC_ARC = YES;
				CLANG_WARN_BOOL_CONVERSION = YES;
				CLANG_WARN_CONSTANT_CONVERSION = YES;
				CLANG_WARN_DIRECT_OBJC_ISA_USAGE = YES_ERROR;
				CLANG_WARN_DOCUMENTATION_COMMENTS = YES;
				CLANG_WARN_EMPTY_BODY = YES;
				CLANG_WARN_ENUM_CONVERSION = YES;
				CLANG_WARN_INFINITE_RECURSION = YES;
				CLANG_WARN_INT_CONVERSION = YES;
				CLANG_WARN_OBJC_ROOT_CLASS = YES_ERROR;
				CLANG_WARN_SUSPICIOUS_MOVES = YES;
				CLANG_WARN_UNREACHABLE_CODE = YES;
				CLANG_WARN__DUPLICATE_METHOD_MATCH = YES;
				"CODE_SIGN_IDENTITY[sdk=iphoneos*]" = "iPhone Developer";
				COPY_PHASE_STRIP = NO;
				DEBUG_INFORMATION_FORMAT = dwarf;
				ENABLE_STRICT_OBJC_MSGSEND = YES;
				ENABLE_TESTABILITY = YES;
				GCC_C_LANGUAGE_STANDARD = gnu99;
				GCC_DYNAMIC_NO_PIC = NO;
				GCC_NO_COMMON_BLOCKS = YES;
				GCC_OPTIMIZATION_LEVEL = 0;
				GCC_PREPROCESSOR_DEFINITIONS = (
					"DEBUG=1",
					"$(inherited)",
				);
				GCC_WARN_64_TO_32_BIT_CONVERSION = YES;
				GCC_WARN_ABOUT_RETURN_TYPE = YES_ERROR;
				GCC_WARN_UNDECLARED_SELECTOR = YES;
				GCC_WARN_UNINITIALIZED_AUTOS = YES_AGGRESSIVE;
				GCC_WARN_UNUSED_FUNCTION = YES;
				GCC_WARN_UNUSED_VARIABLE = YES;
				IPHONEOS_DEPLOYMENT_TARGET = 10.0;
				MTL_ENABLE_DEBUG_INFO = YES;
				ONLY_ACTIVE_ARCH = YES;
				SDKROOT = iphoneos;
				SWIFT_ACTIVE_COMPILATION_CONDITIONS = DEBUG;
				SWIFT_OPTIMIZATION_LEVEL = "-Onone";
			};
			name = Debug;
		};
		B2ABD8F71D5E081A00C463B9 /* Release */ = {
			isa = XCBuildConfiguration;
			buildSettings = {
				ALWAYS_SEARCH_USER_PATHS = NO;
				CLANG_ANALYZER_NONNULL = YES;
				CLANG_CXX_LANGUAGE_STANDARD = "gnu++0x";
				CLANG_CXX_LIBRARY = "libc++";
				CLANG_ENABLE_MODULES = YES;
				CLANG_ENABLE_OBJC_ARC = YES;
				CLANG_WARN_BOOL_CONVERSION = YES;
				CLANG_WARN_CONSTANT_CONVERSION = YES;
				CLANG_WARN_DIRECT_OBJC_ISA_USAGE = YES_ERROR;
				CLANG_WARN_DOCUMENTATION_COMMENTS = YES;
				CLANG_WARN_EMPTY_BODY = YES;
				CLANG_WARN_ENUM_CONVERSION = YES;
				CLANG_WARN_INFINITE_RECURSION = YES;
				CLANG_WARN_INT_CONVERSION = YES;
				CLANG_WARN_OBJC_ROOT_CLASS = YES_ERROR;
				CLANG_WARN_SUSPICIOUS_MOVES = YES;
				CLANG_WARN_UNREACHABLE_CODE = YES;
				CLANG_WARN__DUPLICATE_METHOD_MATCH = YES;
				"CODE_SIGN_IDENTITY[sdk=iphoneos*]" = "iPhone Developer";
				COPY_PHASE_STRIP = NO;
				DEBUG_INFORMATION_FORMAT = "dwarf-with-dsym";
				ENABLE_NS_ASSERTIONS = NO;
				ENABLE_STRICT_OBJC_MSGSEND = YES;
				GCC_C_LANGUAGE_STANDARD = gnu99;
				GCC_NO_COMMON_BLOCKS = YES;
				GCC_WARN_64_TO_32_BIT_CONVERSION = YES;
				GCC_WARN_ABOUT_RETURN_TYPE = YES_ERROR;
				GCC_WARN_UNDECLARED_SELECTOR = YES;
				GCC_WARN_UNINITIALIZED_AUTOS = YES_AGGRESSIVE;
				GCC_WARN_UNUSED_FUNCTION = YES;
				GCC_WARN_UNUSED_VARIABLE = YES;
				IPHONEOS_DEPLOYMENT_TARGET = 10.0;
				MTL_ENABLE_DEBUG_INFO = NO;
				SDKROOT = iphoneos;
				SWIFT_OPTIMIZATION_LEVEL = "-Owholemodule";
				VALIDATE_PRODUCT = YES;
			};
			name = Release;
		};
		B2ABD8F91D5E081A00C463B9 /* Debug */ = {
			isa = XCBuildConfiguration;
			buildSettings = {
				ASSETCATALOG_COMPILER_APPICON_NAME = AppIcon;
				"CODE_SIGN_IDENTITY[sdk=iphoneos*]" = "";
				DEVELOPMENT_TEAM = "";
				INFOPLIST_FILE = wordChain/Info.plist;
				IPHONEOS_DEPLOYMENT_TARGET = 8.0;
				LD_RUNPATH_SEARCH_PATHS = "$(inherited) @executable_path/Frameworks";
				PRODUCT_BUNDLE_IDENTIFIER = "io.github.mario-kang.wordchain";
				PRODUCT_NAME = "$(TARGET_NAME)";
				PROVISIONING_PROFILE = "";
				SWIFT_VERSION = 3.0;
				TARGETED_DEVICE_FAMILY = "1,2";
			};
			name = Debug;
		};
		B2ABD8FA1D5E081A00C463B9 /* Release */ = {
			isa = XCBuildConfiguration;
			buildSettings = {
				ASSETCATALOG_COMPILER_APPICON_NAME = AppIcon;
				"CODE_SIGN_IDENTITY[sdk=iphoneos*]" = "";
				DEVELOPMENT_TEAM = "";
				INFOPLIST_FILE = wordChain/Info.plist;
				IPHONEOS_DEPLOYMENT_TARGET = 8.0;
				LD_RUNPATH_SEARCH_PATHS = "$(inherited) @executable_path/Frameworks";
				PRODUCT_BUNDLE_IDENTIFIER = "io.github.mario-kang.wordchain";
				PRODUCT_NAME = "$(TARGET_NAME)";
				PROVISIONING_PROFILE = "";
				SWIFT_VERSION = 3.0;
				TARGETED_DEVICE_FAMILY = "1,2";
			};
			name = Release;
		};
/* End XCBuildConfiguration section */

/* Begin XCConfigurationList section */
		B2ABD8CB1D5E081A00C463B9 /* Build configuration list for PBXProject "wordChain" */ = {
			isa = XCConfigurationList;
			buildConfigurations = (
				B2ABD8F61D5E081A00C463B9 /* Debug */,
				B2ABD8F71D5E081A00C463B9 /* Release */,
			);
			defaultConfigurationIsVisible = 0;
			defaultConfigurationName = Release;
		};
		B2ABD8F81D5E081A00C463B9 /* Build configuration list for PBXNativeTarget "wordChain" */ = {
			isa = XCConfigurationList;
			buildConfigurations = (
				B2ABD8F91D5E081A00C463B9 /* Debug */,
				B2ABD8FA1D5E081A00C463B9 /* Release */,
			);
			defaultConfigurationIsVisible = 0;
			defaultConfigurationName = Release;
		};
/* End XCConfigurationList section */
	};
	rootObject = B2ABD8C81D5E081A00C463B9 /* Project object */;
}
